{
  "name": "dep-doctor",
  "version": "1.0.0",
  "lockfileVersion": 3,
  "requires": true,
  "packages": {
    "": {
      "name": "dep-doctor",
      "version": "1.0.0",
      "license": "MIT",
      "bin": {
        "dep-doctor": "src/cli/index.js"
      },
      "engines": {
        "node": ">=18"
      }
    }
  }
}
